
Microsoft Visual Studio Solution File, Format Version 12.00
# Visual Studio Version 16
VisualStudioVersion = 16.0.32602.291
MinimumVisualStudioVersion = 10.0.40219.1
Project("{FAE04EC0-301F-11D3-BF4B-00C04F79EFBC}") = "UdemyErrorHandling", "UdemyErrorHandling\UdemyErrorHandling.csproj", "{91638E3D-AD10-423F-B835-506EEE4FD3E3}"
EndProject
Global
	GlobalSection(SolutionConfigurationPlatforms) = preSolution
		Debug|Any CPU = Debug|Any CPU
		Release|Any CPU = Release|Any CPU
	EndGlobalSection
	GlobalSection(ProjectConfigurationPlatforms) = postSolution
		{91638E3D-AD10-423F-B835-506EEE4FD3E3}.Debug|Any CPU.ActiveCfg = Debug|Any CPU
		{91638E3D-AD10-423F-B835-506EEE4FD3E3}.Debug|Any CPU.Build.0 = Debug|Any CPU
		{91638E3D-AD10-423F-B835-506EEE4FD3E3}.Release|Any CPU.ActiveCfg = Release|Any CPU
		{91638E3D-AD10-423F-B835-506EEE4FD3E3}.Release|Any CPU.Build.0 = Release|Any CPU
	EndGlobalSection
	GlobalSection(SolutionProperties) = preSolution
		HideSolutionNode = FALSE
	EndGlobalSection
	GlobalSection(ExtensibilityGlobals) = postSolution
		SolutionGuid = {084A9336-43FF-4961-B1A3-027074AD55FB}
	EndGlobalSection
EndGlobal
